
Microsoft Visual Studio Solution File, Format Version 12.00
# Visual Studio 15
VisualStudioVersion = 15.0.28307.572
MinimumVisualStudioVersion = 10.0.40219.1
Project("{FAE04EC0-301F-11D3-BF4B-00C04F79EFBC}") = "DEV-9", "DEV-9\DEV-9.csproj", "{BC8326C6-5656-4DAA-8F83-DB81E478C8AD}"
EndProject
Global
	GlobalSection(SolutionConfigurationPlatforms) = preSolution
		Debug|Any CPU = Debug|Any CPU
		Release|Any CPU = Release|Any CPU
	EndGlobalSection
	GlobalSection(ProjectConfigurationPlatforms) = postSolution
		{BC8326C6-5656-4DAA-8F83-DB81E478C8AD}.Debug|Any CPU.ActiveCfg = Debug|Any CPU
		{BC8326C6-5656-4DAA-8F83-DB81E478C8AD}.Debug|Any CPU.Build.0 = Debug|Any CPU
		{BC8326C6-5656-4DAA-8F83-DB81E478C8AD}.Release|Any CPU.ActiveCfg = Release|Any CPU
		{BC8326C6-5656-4DAA-8F83-DB81E478C8AD}.Release|Any CPU.Build.0 = Release|Any CPU
	EndGlobalSection
	GlobalSection(SolutionProperties) = preSolution
		HideSolutionNode = FALSE
	EndGlobalSection
	GlobalSection(ExtensibilityGlobals) = postSolution
		SolutionGuid = {D6582A54-9D18-475F-8509-4590D18FC0BB}
	EndGlobalSection
EndGlobal
